
Microsoft Visual Studio Solution File, Format Version 12.00
# Visual Studio 14
VisualStudioVersion = 14.0.25123.0
MinimumVisualStudioVersion = 10.0.40219.1
Project("{FAE04EC0-301F-11D3-BF4B-00C04F79EFBC}") = "Euro2016", "Euro2016\Euro2016.csproj", "{D2663B05-2510-457C-8C47-C091DCEBEDE2}"
EndProject
Project("{FAE04EC0-301F-11D3-BF4B-00C04F79EFBC}") = "Euro2016ResultGenerator", "Euro2016ResultGenerator\Euro2016ResultGenerator.csproj", "{4DE0F444-9CCC-4D3E-9D5B-8F057CAA7BA8}"
EndProject
Global
	GlobalSection(SolutionConfigurationPlatforms) = preSolution
		Debug|Any CPU = Debug|Any CPU
		Release|Any CPU = Release|Any CPU
	EndGlobalSection
	GlobalSection(ProjectConfigurationPlatforms) = postSolution
		{D2663B05-2510-457C-8C47-C091DCEBEDE2}.Debug|Any CPU.ActiveCfg = Debug|Any CPU
		{D2663B05-2510-457C-8C47-C091DCEBEDE2}.Debug|Any CPU.Build.0 = Debug|Any CPU
		{D2663B05-2510-457C-8C47-C091DCEBEDE2}.Release|Any CPU.ActiveCfg = Release|Any CPU
		{D2663B05-2510-457C-8C47-C091DCEBEDE2}.Release|Any CPU.Build.0 = Release|Any CPU
		{4DE0F444-9CCC-4D3E-9D5B-8F057CAA7BA8}.Debug|Any CPU.ActiveCfg = Debug|Any CPU
		{4DE0F444-9CCC-4D3E-9D5B-8F057CAA7BA8}.Debug|Any CPU.Build.0 = Debug|Any CPU
		{4DE0F444-9CCC-4D3E-9D5B-8F057CAA7BA8}.Release|Any CPU.ActiveCfg = Release|Any CPU
		{4DE0F444-9CCC-4D3E-9D5B-8F057CAA7BA8}.Release|Any CPU.Build.0 = Release|Any CPU
	EndGlobalSection
	GlobalSection(SolutionProperties) = preSolution
		HideSolutionNode = FALSE
	EndGlobalSection
EndGlobal
